// !$*UTF8*$!
{
	archiveVersion = 1;
	classes = {
	};
	objectVersion = 46;
	objects = {

/* Begin PBXBuildFile section */
		1B022DA41BE34771004979ED /* main.m in Sources */ = {isa = PBXBuildFile; fileRef = 1B022DA31BE34771004979ED /* main.m */; };
		1B022DA71BE34771004979ED /* AppDelegate.m in Sources */ = {isa = PBXBuildFile; fileRef = 1B022DA61BE34771004979ED /* AppDelegate.m */; };
		1B022DAD1BE34771004979ED /* Main.storyboard in Resources */ = {isa = PBXBuildFile; fileRef = 1B022DAB1BE34771004979ED /* Main.storyboard */; };
		1B022DAF1BE34771004979ED /* Assets.xcassets in Resources */ = {isa = PBXBuildFile; fileRef = 1B022DAE1BE34771004979ED /* Assets.xcassets */; };
		1B022DB21BE34771004979ED /* LaunchScreen.storyboard in Resources */ = {isa = PBXBuildFile; fileRef = 1B022DB01BE34771004979ED /* LaunchScreen.storyboard */; };
		1B022DD81BE34BF6004979ED /* NCYoutubeDataManager.m in Sources */ = {isa = PBXBuildFile; fileRef = 1B022DD71BE34BF6004979ED /* NCYoutubeDataManager.m */; };
		1B0510CB1F628C59009B32AD /* AFNetworking.framework in Frameworks */ = {isa = PBXBuildFile; fileRef = 1B0510C81F628C59009B32AD /* AFNetworking.framework */; };
		1B0510CC1F628C59009B32AD /* NSTimeZone_CountryCode.framework in Frameworks */ = {isa = PBXBuildFile; fileRef = 1B0510C91F628C59009B32AD /* NSTimeZone_CountryCode.framework */; };
		1B0510CD1F628C59009B32AD /* youtube_ios_player_helper.framework in Frameworks */ = {isa = PBXBuildFile; fileRef = 1B0510CA1F628C59009B32AD /* youtube_ios_player_helper.framework */; };
		1B0510D51F628F20009B32AD /* YTPlayerView-iframe-player.html in Resources */ = {isa = PBXBuildFile; fileRef = 1B0510D41F628F20009B32AD /* YTPlayerView-iframe-player.html */; };
		1B657A191BE3C1B400758205 /* NCYoutubeDataContainer.m in Sources */ = {isa = PBXBuildFile; fileRef = 1B657A181BE3C1B400758205 /* NCYoutubeDataContainer.m */; };
		1B657A1B1BE453B700758205 /* NCYoutubeDataManagerTests.m in Sources */ = {isa = PBXBuildFile; fileRef = 1B657A1A1BE453B700758205 /* NCYoutubeDataManagerTests.m */; };
		1B657A1C1BE453DF00758205 /* NCYoutubeDataManager.m in Sources */ = {isa = PBXBuildFile; fileRef = 1B022DD71BE34BF6004979ED /* NCYoutubeDataManager.m */; };
		1B657A1D1BE453E300758205 /* NCYoutubeDataContainer.m in Sources */ = {isa = PBXBuildFile; fileRef = 1B657A181BE3C1B400758205 /* NCYoutubeDataContainer.m */; };
		1B657A221BE4720900758205 /* NCMainGuidedChannelListViewController.m in Sources */ = {isa = PBXBuildFile; fileRef = 1B657A211BE4720900758205 /* NCMainGuidedChannelListViewController.m */; };
		1B657A261BE49AC900758205 /* NCChannelItemCell.m in Sources */ = {isa = PBXBuildFile; fileRef = 1B657A251BE49AC900758205 /* NCChannelItemCell.m */; };
		1B657A2C1BE4CCA800758205 /* NCUIConstantsManager.m in Sources */ = {isa = PBXBuildFile; fileRef = 1B657A2B1BE4CCA800758205 /* NCUIConstantsManager.m */; };
		1B657A2D1BE4CCA800758205 /* NCUIConstantsManager.m in Sources */ = {isa = PBXBuildFile; fileRef = 1B657A2B1BE4CCA800758205 /* NCUIConstantsManager.m */; };
		1B657A311BE4CCCF00758205 /* NCUtilManager.m in Sources */ = {isa = PBXBuildFile; fileRef = 1B657A301BE4CCCF00758205 /* NCUtilManager.m */; };
		1B657A321BE4CCCF00758205 /* NCUtilManager.m in Sources */ = {isa = PBXBuildFile; fileRef = 1B657A301BE4CCCF00758205 /* NCUtilManager.m */; };
		1B657A361BE4CD3000758205 /* NCImageCachingManager.m in Sources */ = {isa = PBXBuildFile; fileRef = 1B657A351BE4CD3000758205 /* NCImageCachingManager.m */; };
		1B657A371BE4CD3000758205 /* NCImageCachingManager.m in Sources */ = {isa = PBXBuildFile; fileRef = 1B657A351BE4CD3000758205 /* NCImageCachingManager.m */; };
		1B657A3B1BE4CD4C00758205 /* NCURLManager.m in Sources */ = {isa = PBXBuildFile; fileRef = 1B657A3A1BE4CD4C00758205 /* NCURLManager.m */; };
		1B657A3C1BE4CD4C00758205 /* NCURLManager.m in Sources */ = {isa = PBXBuildFile; fileRef = 1B657A3A1BE4CD4C00758205 /* NCURLManager.m */; };
		1B657A411BE4E4F900758205 /* NCVideoListViewController.m in Sources */ = {isa = PBXBuildFile; fileRef = 1B657A401BE4E4F900758205 /* NCVideoListViewController.m */; };
		1B657A421BE4E4F900758205 /* NCVideoListViewController.m in Sources */ = {isa = PBXBuildFile; fileRef = 1B657A401BE4E4F900758205 /* NCVideoListViewController.m */; };
		1B657A461BE4E9B900758205 /* NCVideoItemCell.m in Sources */ = {isa = PBXBuildFile; fileRef = 1B657A451BE4E9B900758205 /* NCVideoItemCell.m */; };
		1B657A471BE4E9B900758205 /* NCVideoItemCell.m in Sources */ = {isa = PBXBuildFile; fileRef = 1B657A451BE4E9B900758205 /* NCVideoItemCell.m */; };
		1B657A4C1BE534FA00758205 /* NCVideoPlayerViewController.m in Sources */ = {isa = PBXBuildFile; fileRef = 1B657A4B1BE534FA00758205 /* NCVideoPlayerViewController.m */; };
		1B657A4D1BE534FA00758205 /* NCVideoPlayerViewController.m in Sources */ = {isa = PBXBuildFile; fileRef = 1B657A4B1BE534FA00758205 /* NCVideoPlayerViewController.m */; };
		1B657A521BE554BE00758205 /* NCSearchViewController.m in Sources */ = {isa = PBXBuildFile; fileRef = 1B657A511BE554BE00758205 /* NCSearchViewController.m */; };
		1B657A531BE554BE00758205 /* NCSearchViewController.m in Sources */ = {isa = PBXBuildFile; fileRef = 1B657A511BE554BE00758205 /* NCSearchViewController.m */; };
		1B657A561BE565D000758205 /* NCSearchResultCell.xib in Resources */ = {isa = PBXBuildFile; fileRef = 1B657A551BE565D000758205 /* NCSearchResultCell.xib */; };
		1B657A571BE565D000758205 /* NCSearchResultCell.xib in Resources */ = {isa = PBXBuildFile; fileRef = 1B657A551BE565D000758205 /* NCSearchResultCell.xib */; };
		1B657A5B1BE5689100758205 /* NCSearchResultCell.m in Sources */ = {isa = PBXBuildFile; fileRef = 1B657A5A1BE5689100758205 /* NCSearchResultCell.m */; };
		1B657A5C1BE5689100758205 /* NCSearchResultCell.m in Sources */ = {isa = PBXBuildFile; fileRef = 1B657A5A1BE5689100758205 /* NCSearchResultCell.m */; };
		1B657A611BE5815100758205 /* NCChannelListViewController.m in Sources */ = {isa = PBXBuildFile; fileRef = 1B657A601BE5815100758205 /* NCChannelListViewController.m */; };
		1B657A621BE5815100758205 /* NCChannelListViewController.m in Sources */ = {isa = PBXBuildFile; fileRef = 1B657A601BE5815100758205 /* NCChannelListViewController.m */; };
		1B657A861BE6060600758205 /* NCMainViewControllerTests.m in Sources */ = {isa = PBXBuildFile; fileRef = 1B657A851BE6060600758205 /* NCMainViewControllerTests.m */; };
		1BA261AA1BE612D5004C3E35 /* NCSearchViewControlerTests.m in Sources */ = {isa = PBXBuildFile; fileRef = 1BA261A91BE612D5004C3E35 /* NCSearchViewControlerTests.m */; };
		1BA261AC1BE617F2004C3E35 /* NCVideoListViewControllerTests.m in Sources */ = {isa = PBXBuildFile; fileRef = 1BA261AB1BE617F2004C3E35 /* NCVideoListViewControllerTests.m */; };
		994C8AB70B19F6E050599515 /* Pods_SocialSearcher.framework in Frameworks */ = {isa = PBXBuildFile; fileRef = 912F6678A8423683B8569C7E /* Pods_SocialSearcher.framework */; };
/* End PBXBuildFile section */

/* Begin PBXContainerItemProxy section */
		1B022DB91BE34771004979ED /* PBXContainerItemProxy */ = {
			isa = PBXContainerItemProxy;
			containerPortal = 1B022D971BE34771004979ED /* Project object */;
			proxyType = 1;
			remoteGlobalIDString = 1B022D9E1BE34771004979ED;
			remoteInfo = SocialSearcher;
		};
		1B657A801BE605E800758205 /* PBXContainerItemProxy */ = {
			isa = PBXContainerItemProxy;
			containerPortal = 1B022D971BE34771004979ED /* Project object */;
			proxyType = 1;
			remoteGlobalIDString = 1B022D9E1BE34771004979ED;
			remoteInfo = SocialSearcher;
		};
/* End PBXContainerItemProxy section */

/* Begin PBXFileReference section */
		1B022D9F1BE34771004979ED /* SocialSearcher.app */ = {isa = PBXFileReference; explicitFileType = wrapper.application; includeInIndex = 0; path = SocialSearcher.app; sourceTree = BUILT_PRODUCTS_DIR; };
		1B022DA31BE34771004979ED /* main.m */ = {isa = PBXFileReference; lastKnownFileType = sourcecode.c.objc; path = main.m; sourceTree = "<group>"; };
		1B022DA51BE34771004979ED /* AppDelegate.h */ = {isa = PBXFileReference; lastKnownFileType = sourcecode.c.h; path = AppDelegate.h; sourceTree = "<group>"; };
		1B022DA61BE34771004979ED /* AppDelegate.m */ = {isa = PBXFileReference; lastKnownFileType = sourcecode.c.objc; path = AppDelegate.m; sourceTree = "<group>"; };
		1B022DAC1BE34771004979ED /* Base */ = {isa = PBXFileReference; lastKnownFileType = file.storyboard; name = Base; path = Base.lproj/Main.storyboard; sourceTree = "<group>"; };
		1B022DAE1BE34771004979ED /* Assets.xcassets */ = {isa = PBXFileReference; lastKnownFileType = folder.assetcatalog; path = Assets.xcassets; sourceTree = "<group>"; };
		1B022DB11BE34771004979ED /* Base */ = {isa = PBXFileReference; lastKnownFileType = file.storyboard; name = Base; path = Base.lproj/LaunchScreen.storyboard; sourceTree = "<group>"; };
		1B022DB31BE34771004979ED /* Info.plist */ = {isa = PBXFileReference; lastKnownFileType = text.plist.xml; path = Info.plist; sourceTree = "<group>"; };
		1B022DB81BE34771004979ED /* SocialSearcherTests.xctest */ = {isa = PBXFileReference; explicitFileType = wrapper.cfbundle; includeInIndex = 0; path = SocialSearcherTests.xctest; sourceTree = BUILT_PRODUCTS_DIR; };
		1B022DBE1BE34771004979ED /* Info.plist */ = {isa = PBXFileReference; lastKnownFileType = text.plist.xml; path = Info.plist; sourceTree = "<group>"; };
		1B022DD61BE34BF6004979ED /* NCYoutubeDataManager.h */ = {isa = PBXFileReference; fileEncoding = 4; lastKnownFileType = sourcecode.c.h; path = NCYoutubeDataManager.h; sourceTree = "<group>"; };
		1B022DD71BE34BF6004979ED /* NCYoutubeDataManager.m */ = {isa = PBXFileReference; fileEncoding = 4; lastKnownFileType = sourcecode.c.objc; path = NCYoutubeDataManager.m; sourceTree = "<group>"; };
		1B0510C81F628C59009B32AD /* AFNetworking.framework */ = {isa = PBXFileReference; lastKnownFileType = wrapper.framework; name = AFNetworking.framework; path = "../../../../../../Library/Developer/Xcode/DerivedData/SocialSearcher-dkjjagbkddlnqxbhwfjukflmsgvl/Build/Products/Debug-iphonesimulator/AFNetworking/AFNetworking.framework"; sourceTree = "<group>"; };
		1B0510C91F628C59009B32AD /* NSTimeZone_CountryCode.framework */ = {isa = PBXFileReference; lastKnownFileType = wrapper.framework; name = NSTimeZone_CountryCode.framework; path = "../../../../../../Library/Developer/Xcode/DerivedData/SocialSearcher-dkjjagbkddlnqxbhwfjukflmsgvl/Build/Products/Debug-iphonesimulator/NSTimeZone-CountryCode/NSTimeZone_CountryCode.framework"; sourceTree = "<group>"; };
		1B0510CA1F628C59009B32AD /* youtube_ios_player_helper.framework */ = {isa = PBXFileReference; lastKnownFileType = wrapper.framework; name = youtube_ios_player_helper.framework; path = "../../../../../../Library/Developer/Xcode/DerivedData/SocialSearcher-dkjjagbkddlnqxbhwfjukflmsgvl/Build/Products/Debug-iphonesimulator/youtube-ios-player-helper/youtube_ios_player_helper.framework"; sourceTree = "<group>"; };
		1B0510D41F628F20009B32AD /* YTPlayerView-iframe-player.html */ = {isa = PBXFileReference; fileEncoding = 4; lastKnownFileType = text.html; path = "YTPlayerView-iframe-player.html"; sourceTree = "<group>"; };
		1B2260131BE3741700CBEBBD /* ProgrammingDefine.h */ = {isa = PBXFileReference; lastKnownFileType = sourcecode.c.h; path = ProgrammingDefine.h; sourceTree = "<group>"; };
		1B2260151BE3867E00CBEBBD /* Application-Prefix.pch */ = {isa = PBXFileReference; lastKnownFileType = sourcecode.c.h; path = "Application-Prefix.pch"; sourceTree = "<group>"; };
		1B2260181BE3C0AD00CBEBBD /* RequestDefine.h */ = {isa = PBXFileReference; lastKnownFileType = sourcecode.c.h; path = RequestDefine.h; sourceTree = "<group>"; };
		1B40FA291BE6308000FADC63 /* Social Searcher iOS Application.pdf */ = {isa = PBXFileReference; lastKnownFileType = image.pdf; path = "Social Searcher iOS Application.pdf"; sourceTree = "<group>"; };
		1B657A171BE3C1B400758205 /* NCYoutubeDataContainer.h */ = {isa = PBXFileReference; fileEncoding = 4; lastKnownFileType = sourcecode.c.h; path = NCYoutubeDataContainer.h; sourceTree = "<group>"; };
		1B657A181BE3C1B400758205 /* NCYoutubeDataContainer.m */ = {isa = PBXFileReference; fileEncoding = 4; lastKnownFileType = sourcecode.c.objc; path = NCYoutubeDataContainer.m; sourceTree = "<group>"; };
		1B657A1A1BE453B700758205 /* NCYoutubeDataManagerTests.m */ = {isa = PBXFileReference; fileEncoding = 4; lastKnownFileType = sourcecode.c.objc; path = NCYoutubeDataManagerTests.m; sourceTree = "<group>"; };
		1B657A201BE4720900758205 /* NCMainGuidedChannelListViewController.h */ = {isa = PBXFileReference; fileEncoding = 4; lastKnownFileType = sourcecode.c.h; path = NCMainGuidedChannelListViewController.h; sourceTree = "<group>"; };
		1B657A211BE4720900758205 /* NCMainGuidedChannelListViewController.m */ = {isa = PBXFileReference; fileEncoding = 4; lastKnownFileType = sourcecode.c.objc; path = NCMainGuidedChannelListViewController.m; sourceTree = "<group>"; };
		1B657A241BE49AC900758205 /* NCChannelItemCell.h */ = {isa = PBXFileReference; fileEncoding = 4; lastKnownFileType = sourcecode.c.h; path = NCChannelItemCell.h; sourceTree = "<group>"; };
		1B657A251BE49AC900758205 /* NCChannelItemCell.m */ = {isa = PBXFileReference; fileEncoding = 4; lastKnownFileType = sourcecode.c.objc; path = NCChannelItemCell.m; sourceTree = "<group>"; };
		1B657A2A1BE4CCA800758205 /* NCUIConstantsManager.h */ = {isa = PBXFileReference; fileEncoding = 4; lastKnownFileType = sourcecode.c.h; path = NCUIConstantsManager.h; sourceTree = "<group>"; };
		1B657A2B1BE4CCA800758205 /* NCUIConstantsManager.m */ = {isa = PBXFileReference; fileEncoding = 4; lastKnownFileType = sourcecode.c.objc; path = NCUIConstantsManager.m; sourceTree = "<group>"; };
		1B657A2F1BE4CCCF00758205 /* NCUtilManager.h */ = {isa = PBXFileReference; fileEncoding = 4; lastKnownFileType = sourcecode.c.h; path = NCUtilManager.h; sourceTree = "<group>"; };
		1B657A301BE4CCCF00758205 /* NCUtilManager.m */ = {isa = PBXFileReference; fileEncoding = 4; lastKnownFileType = sourcecode.c.objc; path = NCUtilManager.m; sourceTree = "<group>"; };
		1B657A341BE4CD3000758205 /* NCImageCachingManager.h */ = {isa = PBXFileReference; fileEncoding = 4; lastKnownFileType = sourcecode.c.h; path = NCImageCachingManager.h; sourceTree = "<group>"; };
		1B657A351BE4CD3000758205 /* NCImageCachingManager.m */ = {isa = PBXFileReference; fileEncoding = 4; lastKnownFileType = sourcecode.c.objc; path = NCImageCachingManager.m; sourceTree = "<group>"; };
		1B657A391BE4CD4C00758205 /* NCURLManager.h */ = {isa = PBXFileReference; fileEncoding = 4; lastKnownFileType = sourcecode.c.h; path = NCURLManager.h; sourceTree = "<group>"; };
		1B657A3A1BE4CD4C00758205 /* NCURLManager.m */ = {isa = PBXFileReference; fileEncoding = 4; lastKnownFileType = sourcecode.c.objc; path = NCURLManager.m; sourceTree = "<group>"; };
		1B657A3F1BE4E4F900758205 /* NCVideoListViewController.h */ = {isa = PBXFileReference; fileEncoding = 4; lastKnownFileType = sourcecode.c.h; path = NCVideoListViewController.h; sourceTree = "<group>"; };
		1B657A401BE4E4F900758205 /* NCVideoListViewController.m */ = {isa = PBXFileReference; fileEncoding = 4; lastKnownFileType = sourcecode.c.objc; path = NCVideoListViewController.m; sourceTree = "<group>"; };
		1B657A441BE4E9B900758205 /* NCVideoItemCell.h */ = {isa = PBXFileReference; fileEncoding = 4; lastKnownFileType = sourcecode.c.h; path = NCVideoItemCell.h; sourceTree = "<group>"; };
		1B657A451BE4E9B900758205 /* NCVideoItemCell.m */ = {isa = PBXFileReference; fileEncoding = 4; lastKnownFileType = sourcecode.c.objc; path = NCVideoItemCell.m; sourceTree = "<group>"; };
		1B657A4A1BE534FA00758205 /* NCVideoPlayerViewController.h */ = {isa = PBXFileReference; fileEncoding = 4; lastKnownFileType = sourcecode.c.h; path = NCVideoPlayerViewController.h; sourceTree = "<group>"; };
		1B657A4B1BE534FA00758205 /* NCVideoPlayerViewController.m */ = {isa = PBXFileReference; fileEncoding = 4; lastKnownFileType = sourcecode.c.objc; path = NCVideoPlayerViewController.m; sourceTree = "<group>"; };
		1B657A501BE554BE00758205 /* NCSearchViewController.h */ = {isa = PBXFileReference; fileEncoding = 4; lastKnownFileType = sourcecode.c.h; path = NCSearchViewController.h; sourceTree = "<group>"; };
		1B657A511BE554BE00758205 /* NCSearchViewController.m */ = {isa = PBXFileReference; fileEncoding = 4; lastKnownFileType = sourcecode.c.objc; path = NCSearchViewController.m; sourceTree = "<group>"; };
		1B657A551BE565D000758205 /* NCSearchResultCell.xib */ = {isa = PBXFileReference; fileEncoding = 4; lastKnownFileType = file.xib; path = NCSearchResultCell.xib; sourceTree = "<group>"; };
		1B657A591BE5689100758205 /* NCSearchResultCell.h */ = {isa = PBXFileReference; fileEncoding = 4; lastKnownFileType = sourcecode.c.h; path = NCSearchResultCell.h; sourceTree = "<group>"; };
		1B657A5A1BE5689100758205 /* NCSearchResultCell.m */ = {isa = PBXFileReference; fileEncoding = 4; lastKnownFileType = sourcecode.c.objc; path = NCSearchResultCell.m; sourceTree = "<group>"; };
		1B657A5F1BE5815100758205 /* NCChannelListViewController.h */ = {isa = PBXFileReference; fileEncoding = 4; lastKnownFileType = sourcecode.c.h; path = NCChannelListViewController.h; sourceTree = "<group>"; };
		1B657A601BE5815100758205 /* NCChannelListViewController.m */ = {isa = PBXFileReference; fileEncoding = 4; lastKnownFileType = sourcecode.c.objc; path = NCChannelListViewController.m; sourceTree = "<group>"; };
		1B657A7B1BE605E700758205 /* SocialSearcherUITests.xctest */ = {isa = PBXFileReference; explicitFileType = wrapper.cfbundle; includeInIndex = 0; path = SocialSearcherUITests.xctest; sourceTree = BUILT_PRODUCTS_DIR; };
		1B657A7F1BE605E800758205 /* Info.plist */ = {isa = PBXFileReference; lastKnownFileType = text.plist.xml; path = Info.plist; sourceTree = "<group>"; };
		1B657A851BE6060600758205 /* NCMainViewControllerTests.m */ = {isa = PBXFileReference; fileEncoding = 4; lastKnownFileType = sourcecode.c.objc; path = NCMainViewControllerTests.m; sourceTree = "<group>"; };
		1BA261A91BE612D5004C3E35 /* NCSearchViewControlerTests.m */ = {isa = PBXFileReference; fileEncoding = 4; lastKnownFileType = sourcecode.c.objc; path = NCSearchViewControlerTests.m; sourceTree = "<group>"; };
		1BA261AB1BE617F2004C3E35 /* NCVideoListViewControllerTests.m */ = {isa = PBXFileReference; fileEncoding = 4; lastKnownFileType = sourcecode.c.objc; path = NCVideoListViewControllerTests.m; sourceTree = "<group>"; };
		1BA261AE1BE6302D004C3E35 /* ReadMe */ = {isa = PBXFileReference; lastKnownFileType = text; name = ReadMe; path = Documents/ReadMe; sourceTree = "<group>"; };
		912F6678A8423683B8569C7E /* Pods_SocialSearcher.framework */ = {isa = PBXFileReference; explicitFileType = wrapper.framework; includeInIndex = 0; path = Pods_SocialSearcher.framework; sourceTree = BUILT_PRODUCTS_DIR; };
		ADAC9C3E5C817E5F0AE26FD5 /* Pods-SocialSearcher.release.xcconfig */ = {isa = PBXFileReference; includeInIndex = 1; lastKnownFileType = text.xcconfig; name = "Pods-SocialSearcher.release.xcconfig"; path = "Pods/Target Support Files/Pods-SocialSearcher/Pods-SocialSearcher.release.xcconfig"; sourceTree = "<group>"; };
		F4DF2070EA5A4B9EE9130B5E /* Pods-SocialSearcher.debug.xcconfig */ = {isa = PBXFileReference; includeInIndex = 1; lastKnownFileType = text.xcconfig; name = "Pods-SocialSearcher.debug.xcconfig"; path = "Pods/Target Support Files/Pods-SocialSearcher/Pods-SocialSearcher.debug.xcconfig"; sourceTree = "<group>"; };
/* End PBXFileReference section */

/* Begin PBXFrameworksBuildPhase section */
		1B022D9C1BE34771004979ED /* Frameworks */ = {
			isa = PBXFrameworksBuildPhase;
			buildActionMask = 2147483647;
			files = (
				1B0510CB1F628C59009B32AD /* AFNetworking.framework in Frameworks */,
				1B0510CC1F628C59009B32AD /* NSTimeZone_CountryCode.framework in Frameworks */,
				1B0510CD1F628C59009B32AD /* youtube_ios_player_helper.framework in Frameworks */,
				994C8AB70B19F6E050599515 /* Pods_SocialSearcher.framework in Frameworks */,
			);
			runOnlyForDeploymentPostprocessing = 0;
		};
		1B022DB51BE34771004979ED /* Frameworks */ = {
			isa = PBXFrameworksBuildPhase;
			buildActionMask = 2147483647;
			files = (
			);
			runOnlyForDeploymentPostprocessing = 0;
		};
		1B657A781BE605E700758205 /* Frameworks */ = {
			isa = PBXFrameworksBuildPhase;
			buildActionMask = 2147483647;
			files = (
			);
			runOnlyForDeploymentPostprocessing = 0;
		};
/* End PBXFrameworksBuildPhase section */

/* Begin PBXGroup section */
		04914846D2871518EF2E307A /* Frameworks */ = {
			isa = PBXGroup;
			children = (
				1B0510C81F628C59009B32AD /* AFNetworking.framework */,
				1B0510C91F628C59009B32AD /* NSTimeZone_CountryCode.framework */,
				1B0510CA1F628C59009B32AD /* youtube_ios_player_helper.framework */,
				912F6678A8423683B8569C7E /* Pods_SocialSearcher.framework */,
			);
			name = Frameworks;
			sourceTree = "<group>";
		};
		1B022D961BE34771004979ED = {
			isa = PBXGroup;
			children = (
				1BA261AE1BE6302D004C3E35 /* ReadMe */,
				1BA261AD1BE6302D004C3E35 /* Documents */,
				1B022DA11BE34771004979ED /* SocialSearcher */,
				1B022DBB1BE34771004979ED /* SocialSearcherTests */,
				1B657A7C1BE605E800758205 /* SocialSearcherUITests */,
				1B022DA01BE34771004979ED /* Products */,
				E85D66F799B4979043114C65 /* Pods */,
				04914846D2871518EF2E307A /* Frameworks */,
			);
			sourceTree = "<group>";
		};
		1B022DA01BE34771004979ED /* Products */ = {
			isa = PBXGroup;
			children = (
				1B022D9F1BE34771004979ED /* SocialSearcher.app */,
				1B022DB81BE34771004979ED /* SocialSearcherTests.xctest */,
				1B657A7B1BE605E700758205 /* SocialSearcherUITests.xctest */,
			);
			name = Products;
			sourceTree = "<group>";
		};
		1B022DA11BE34771004979ED /* SocialSearcher */ = {
			isa = PBXGroup;
			children = (
				1B2260121BE3740700CBEBBD /* Defines */,
				1B657A281BE4CC6100758205 /* CommonManagers */,
				1B022DD51BE34BE9004979ED /* Model */,
				1B657A1E1BE471E900758205 /* UI Classes */,
				1B022DA51BE34771004979ED /* AppDelegate.h */,
				1B022DA61BE34771004979ED /* AppDelegate.m */,
				1B022DAB1BE34771004979ED /* Main.storyboard */,
				1B022DAE1BE34771004979ED /* Assets.xcassets */,
				1B022DB01BE34771004979ED /* LaunchScreen.storyboard */,
				1B022DB31BE34771004979ED /* Info.plist */,
				1B022DA21BE34771004979ED /* Supporting Files */,
			);
			path = SocialSearcher;
			sourceTree = "<group>";
		};
		1B022DA21BE34771004979ED /* Supporting Files */ = {
			isa = PBXGroup;
			children = (
				1B0510D41F628F20009B32AD /* YTPlayerView-iframe-player.html */,
				1B2260151BE3867E00CBEBBD /* Application-Prefix.pch */,
				1B022DA31BE34771004979ED /* main.m */,
			);
			name = "Supporting Files";
			sourceTree = "<group>";
		};
		1B022DBB1BE34771004979ED /* SocialSearcherTests */ = {
			isa = PBXGroup;
			children = (
				1B657A1A1BE453B700758205 /* NCYoutubeDataManagerTests.m */,
				1B022DBE1BE34771004979ED /* Info.plist */,
			);
			path = SocialSearcherTests;
			sourceTree = "<group>";
		};
		1B022DD51BE34BE9004979ED /* Model */ = {
			isa = PBXGroup;
			children = (
				1B022DD61BE34BF6004979ED /* NCYoutubeDataManager.h */,
				1B022DD71BE34BF6004979ED /* NCYoutubeDataManager.m */,
				1B657A171BE3C1B400758205 /* NCYoutubeDataContainer.h */,
				1B657A181BE3C1B400758205 /* NCYoutubeDataContainer.m */,
			);
			path = Model;
			sourceTree = "<group>";
		};
		1B2260121BE3740700CBEBBD /* Defines */ = {
			isa = PBXGroup;
			children = (
				1B2260131BE3741700CBEBBD /* ProgrammingDefine.h */,
				1B2260181BE3C0AD00CBEBBD /* RequestDefine.h */,
			);
			path = Defines;
			sourceTree = "<group>";
		};
		1B657A1E1BE471E900758205 /* UI Classes */ = {
			isa = PBXGroup;
			children = (
				1B657A291BE4CC9900758205 /* Common */,
				1B657A1F1BE471E900758205 /* Main */,
				1B657A3E1BE4E4E600758205 /* Video List */,
				1B657A491BE534E200758205 /* Video Player */,
				1B657A5E1BE5813200758205 /* Channel Play List */,
				1B657A4F1BE554A100758205 /* Search */,
			);
			path = "UI Classes";
			sourceTree = "<group>";
		};
		1B657A1F1BE471E900758205 /* Main */ = {
			isa = PBXGroup;
			children = (
				1B657A201BE4720900758205 /* NCMainGuidedChannelListViewController.h */,
				1B657A211BE4720900758205 /* NCMainGuidedChannelListViewController.m */,
				1B657A241BE49AC900758205 /* NCChannelItemCell.h */,
				1B657A251BE49AC900758205 /* NCChannelItemCell.m */,
			);
			path = Main;
			sourceTree = "<group>";
		};
		1B657A281BE4CC6100758205 /* CommonManagers */ = {
			isa = PBXGroup;
			children = (
				1B657A2F1BE4CCCF00758205 /* NCUtilManager.h */,
				1B657A301BE4CCCF00758205 /* NCUtilManager.m */,
				1B657A341BE4CD3000758205 /* NCImageCachingManager.h */,
				1B657A351BE4CD3000758205 /* NCImageCachingManager.m */,
				1B657A391BE4CD4C00758205 /* NCURLManager.h */,
				1B657A3A1BE4CD4C00758205 /* NCURLManager.m */,
			);
			path = CommonManagers;
			sourceTree = "<group>";
		};
		1B657A291BE4CC9900758205 /* Common */ = {
			isa = PBXGroup;
			children = (
				1B657A2A1BE4CCA800758205 /* NCUIConstantsManager.h */,
				1B657A2B1BE4CCA800758205 /* NCUIConstantsManager.m */,
			);
			path = Common;
			sourceTree = "<group>";
		};
		1B657A3E1BE4E4E600758205 /* Video List */ = {
			isa = PBXGroup;
			children = (
				1B657A3F1BE4E4F900758205 /* NCVideoListViewController.h */,
				1B657A401BE4E4F900758205 /* NCVideoListViewController.m */,
				1B657A441BE4E9B900758205 /* NCVideoItemCell.h */,
				1B657A451BE4E9B900758205 /* NCVideoItemCell.m */,
			);
			path = "Video List";
			sourceTree = "<group>";
		};
		1B657A491BE534E200758205 /* Video Player */ = {
			isa = PBXGroup;
			children = (
				1B657A4A1BE534FA00758205 /* NCVideoPlayerViewController.h */,
				1B657A4B1BE534FA00758205 /* NCVideoPlayerViewController.m */,
			);
			path = "Video Player";
			sourceTree = "<group>";
		};
		1B657A4F1BE554A100758205 /* Search */ = {
			isa = PBXGroup;
			children = (
				1B657A501BE554BE00758205 /* NCSearchViewController.h */,
				1B657A511BE554BE00758205 /* NCSearchViewController.m */,
				1B657A591BE5689100758205 /* NCSearchResultCell.h */,
				1B657A5A1BE5689100758205 /* NCSearchResultCell.m */,
				1B657A551BE565D000758205 /* NCSearchResultCell.xib */,
			);
			path = Search;
			sourceTree = "<group>";
		};
		1B657A5E1BE5813200758205 /* Channel Play List */ = {
			isa = PBXGroup;
			children = (
				1B657A5F1BE5815100758205 /* NCChannelListViewController.h */,
				1B657A601BE5815100758205 /* NCChannelListViewController.m */,
			);
			path = "Channel Play List";
			sourceTree = "<group>";
		};
		1B657A7C1BE605E800758205 /* SocialSearcherUITests */ = {
			isa = PBXGroup;
			children = (
				1B657A851BE6060600758205 /* NCMainViewControllerTests.m */,
				1BA261A91BE612D5004C3E35 /* NCSearchViewControlerTests.m */,
				1BA261AB1BE617F2004C3E35 /* NCVideoListViewControllerTests.m */,
				1B657A7F1BE605E800758205 /* Info.plist */,
			);
			path = SocialSearcherUITests;
			sourceTree = "<group>";
		};
		1BA261AD1BE6302D004C3E35 /* Documents */ = {
			isa = PBXGroup;
			children = (
				1B40FA291BE6308000FADC63 /* Social Searcher iOS Application.pdf */,
			);
			path = Documents;
			sourceTree = SOURCE_ROOT;
		};
		E85D66F799B4979043114C65 /* Pods */ = {
			isa = PBXGroup;
			children = (
				F4DF2070EA5A4B9EE9130B5E /* Pods-SocialSearcher.debug.xcconfig */,
				ADAC9C3E5C817E5F0AE26FD5 /* Pods-SocialSearcher.release.xcconfig */,
			);
			name = Pods;
			sourceTree = "<group>";
		};
/* End PBXGroup section */

/* Begin PBXNativeTarget section */
		1B022D9E1BE34771004979ED /* SocialSearcher */ = {
			isa = PBXNativeTarget;
			buildConfigurationList = 1B022DCC1BE34771004979ED /* Build configuration list for PBXNativeTarget "SocialSearcher" */;
			buildPhases = (
				91861EB11918F5041AE45130 /* [CP] Check Pods Manifest.lock */,
				1B022D9B1BE34771004979ED /* Sources */,
				1B022D9C1BE34771004979ED /* Frameworks */,
				1B022D9D1BE34771004979ED /* Resources */,
				D3D23B7525616306941677E0 /* [CP] Embed Pods Frameworks */,
				80769D03CC07C913F60353DB /* [CP] Copy Pods Resources */,
			);
			buildRules = (
			);
			dependencies = (
			);
			name = SocialSearcher;
			productName = SocialSearcher;
			productReference = 1B022D9F1BE34771004979ED /* SocialSearcher.app */;
			productType = "com.apple.product-type.application";
		};
		1B022DB71BE34771004979ED /* SocialSearcherTests */ = {
			isa = PBXNativeTarget;
			buildConfigurationList = 1B022DCF1BE34771004979ED /* Build configuration list for PBXNativeTarget "SocialSearcherTests" */;
			buildPhases = (
				1B022DB41BE34771004979ED /* Sources */,
				1B022DB51BE34771004979ED /* Frameworks */,
				1B022DB61BE34771004979ED /* Resources */,
			);
			buildRules = (
			);
			dependencies = (
				1B022DBA1BE34771004979ED /* PBXTargetDependency */,
			);
			name = SocialSearcherTests;
			productName = SocialSearcherTests;
			productReference = 1B022DB81BE34771004979ED /* SocialSearcherTests.xctest */;
			productType = "com.apple.product-type.bundle.unit-test";
		};
		1B657A7A1BE605E700758205 /* SocialSearcherUITests */ = {
			isa = PBXNativeTarget;
			buildConfigurationList = 1B657A821BE605E800758205 /* Build configuration list for PBXNativeTarget "SocialSearcherUITests" */;
			buildPhases = (
				1B657A771BE605E700758205 /* Sources */,
				1B657A781BE605E700758205 /* Frameworks */,
				1B657A791BE605E700758205 /* Resources */,
			);
			buildRules = (
			);
			dependencies = (
				1B657A811BE605E800758205 /* PBXTargetDependency */,
			);
			name = SocialSearcherUITests;
			productName = SocialSearcherUITests;
			productReference = 1B657A7B1BE605E700758205 /* SocialSearcherUITests.xctest */;
			productType = "com.apple.product-type.bundle.ui-testing";
		};
/* End PBXNativeTarget section */

/* Begin PBXProject section */
		1B022D971BE34771004979ED /* Project object */ = {
			isa = PBXProject;
			attributes = {
				LastUpgradeCheck = 0710;
				ORGANIZATIONNAME = ncjung;
				TargetAttributes = {
					1B022D9E1BE34771004979ED = {
						CreatedOnToolsVersion = 7.1;
						DevelopmentTeam = PUF22HK4ND;
						ProvisioningStyle = Automatic;
					};
					1B022DB71BE34771004979ED = {
						CreatedOnToolsVersion = 7.1;
						TestTargetID = 1B022D9E1BE34771004979ED;
					};
					1B657A7A1BE605E700758205 = {
						CreatedOnToolsVersion = 7.1;
						TestTargetID = 1B022D9E1BE34771004979ED;
					};
				};
			};
			buildConfigurationList = 1B022D9A1BE34771004979ED /* Build configuration list for PBXProject "SocialSearcher" */;
			compatibilityVersion = "Xcode 3.2";
			developmentRegion = English;
			hasScannedForEncodings = 0;
			knownRegions = (
				en,
				Base,
			);
			mainGroup = 1B022D961BE34771004979ED;
			productRefGroup = 1B022DA01BE34771004979ED /* Products */;
			projectDirPath = "";
			projectRoot = "";
			targets = (
				1B022D9E1BE34771004979ED /* SocialSearcher */,
				1B022DB71BE34771004979ED /* SocialSearcherTests */,
				1B657A7A1BE605E700758205 /* SocialSearcherUITests */,
			);
		};
/* End PBXProject section */

/* Begin PBXResourcesBuildPhase section */
		1B022D9D1BE34771004979ED /* Resources */ = {
			isa = PBXResourcesBuildPhase;
			buildActionMask = 2147483647;
			files = (
				1B022DB21BE34771004979ED /* LaunchScreen.storyboard in Resources */,
				1B657A561BE565D000758205 /* NCSearchResultCell.xib in Resources */,
				1B022DAF1BE34771004979ED /* Assets.xcassets in Resources */,
				1B022DAD1BE34771004979ED /* Main.storyboard in Resources */,
				1B0510D51F628F20009B32AD /* YTPlayerView-iframe-player.html in Resources */,
			);
			runOnlyForDeploymentPostprocessing = 0;
		};
		1B022DB61BE34771004979ED /* Resources */ = {
			isa = PBXResourcesBuildPhase;
			buildActionMask = 2147483647;
			files = (
				1B657A571BE565D000758205 /* NCSearchResultCell.xib in Resources */,
			);
			runOnlyForDeploymentPostprocessing = 0;
		};
		1B657A791BE605E700758205 /* Resources */ = {
			isa = PBXResourcesBuildPhase;
			buildActionMask = 2147483647;
			files = (
			);
			runOnlyForDeploymentPostprocessing = 0;
		};
/* End PBXResourcesBuildPhase section */

/* Begin PBXShellScriptBuildPhase section */
		80769D03CC07C913F60353DB /* [CP] Copy Pods Resources */ = {
			isa = PBXShellScriptBuildPhase;
			buildActionMask = 2147483647;
			files = (
			);
			inputPaths = (
			);
			name = "[CP] Copy Pods Resources";
			outputPaths = (
			);
			runOnlyForDeploymentPostprocessing = 0;
			shellPath = /bin/sh;
			shellScript = "\"${SRCROOT}/Pods/Target Support Files/Pods-SocialSearcher/Pods-SocialSearcher-resources.sh\"\n";
			showEnvVarsInLog = 0;
		};
		91861EB11918F5041AE45130 /* [CP] Check Pods Manifest.lock */ = {
			isa = PBXShellScriptBuildPhase;
			buildActionMask = 2147483647;
			files = (
			);
			inputPaths = (
				"${PODS_PODFILE_DIR_PATH}/Podfile.lock",
				"${PODS_ROOT}/Manifest.lock",
			);
			name = "[CP] Check Pods Manifest.lock";
			outputPaths = (
				"$(DERIVED_FILE_DIR)/Pods-SocialSearcher-checkManifestLockResult.txt",
			);
			runOnlyForDeploymentPostprocessing = 0;
			shellPath = /bin/sh;
			shellScript = "diff \"${PODS_PODFILE_DIR_PATH}/Podfile.lock\" \"${PODS_ROOT}/Manifest.lock\" > /dev/null\nif [ $? != 0 ] ; then\n    # print error to STDERR\n    echo \"error: The sandbox is not in sync with the Podfile.lock. Run 'pod install' or update your CocoaPods installation.\" >&2\n    exit 1\nfi\n# This output is used by Xcode 'outputs' to avoid re-running this script phase.\necho \"SUCCESS\" > \"${SCRIPT_OUTPUT_FILE_0}\"\n";
			showEnvVarsInLog = 0;
		};
		D3D23B7525616306941677E0 /* [CP] Embed Pods Frameworks */ = {
			isa = PBXShellScriptBuildPhase;
			buildActionMask = 2147483647;
			files = (
			);
			inputPaths = (
				"${SRCROOT}/Pods/Target Support Files/Pods-SocialSearcher/Pods-SocialSearcher-frameworks.sh",
				"${BUILT_PRODUCTS_DIR}/AFNetworking/AFNetworking.framework",
				"${BUILT_PRODUCTS_DIR}/NSTimeZone-CountryCode/NSTimeZone_CountryCode.framework",
				"${BUILT_PRODUCTS_DIR}/youtube-ios-player-helper/youtube_ios_player_helper.framework",
			);
			name = "[CP] Embed Pods Frameworks";
			outputPaths = (
				"${TARGET_BUILD_DIR}/${FRAMEWORKS_FOLDER_PATH}/AFNetworking.framework",
				"${TARGET_BUILD_DIR}/${FRAMEWORKS_FOLDER_PATH}/NSTimeZone_CountryCode.framework",
				"${TARGET_BUILD_DIR}/${FRAMEWORKS_FOLDER_PATH}/youtube_ios_player_helper.framework",
			);
			runOnlyForDeploymentPostprocessing = 0;
			shellPath = /bin/sh;
			shellScript = "\"${SRCROOT}/Pods/Target Support Files/Pods-SocialSearcher/Pods-SocialSearcher-frameworks.sh\"\n";
			showEnvVarsInLog = 0;
		};
/* End PBXShellScriptBuildPhase section */

/* Begin PBXSourcesBuildPhase section */
		1B022D9B1BE34771004979ED /* Sources */ = {
			isa = PBXSourcesBuildPhase;
			buildActionMask = 2147483647;
			files = (
				1B657A2C1BE4CCA800758205 /* NCUIConstantsManager.m in Sources */,
				1B657A4C1BE534FA00758205 /* NCVideoPlayerViewController.m in Sources */,
				1B022DD81BE34BF6004979ED /* NCYoutubeDataManager.m in Sources */,
				1B657A261BE49AC900758205 /* NCChannelItemCell.m in Sources */,
				1B657A221BE4720900758205 /* NCMainGuidedChannelListViewController.m in Sources */,
				1B657A5B1BE5689100758205 /* NCSearchResultCell.m in Sources */,
				1B657A311BE4CCCF00758205 /* NCUtilManager.m in Sources */,
				1B022DA71BE34771004979ED /* AppDelegate.m in Sources */,
				1B657A521BE554BE00758205 /* NCSearchViewController.m in Sources */,
				1B657A3B1BE4CD4C00758205 /* NCURLManager.m in Sources */,
				1B657A411BE4E4F900758205 /* NCVideoListViewController.m in Sources */,
				1B657A361BE4CD3000758205 /* NCImageCachingManager.m in Sources */,
				1B657A191BE3C1B400758205 /* NCYoutubeDataContainer.m in Sources */,
				1B657A611BE5815100758205 /* NCChannelListViewController.m in Sources */,
				1B022DA41BE34771004979ED /* main.m in Sources */,
				1B657A461BE4E9B900758205 /* NCVideoItemCell.m in Sources */,
			);
			runOnlyForDeploymentPostprocessing = 0;
		};
		1B022DB41BE34771004979ED /* Sources */ = {
			isa = PBXSourcesBuildPhase;
			buildActionMask = 2147483647;
			files = (
				1B657A621BE5815100758205 /* NCChannelListViewController.m in Sources */,
				1B657A371BE4CD3000758205 /* NCImageCachingManager.m in Sources */,
				1B657A421BE4E4F900758205 /* NCVideoListViewController.m in Sources */,
				1B657A2D1BE4CCA800758205 /* NCUIConstantsManager.m in Sources */,
				1B657A3C1BE4CD4C00758205 /* NCURLManager.m in Sources */,
				1B657A1D1BE453E300758205 /* NCYoutubeDataContainer.m in Sources */,
				1B657A5C1BE5689100758205 /* NCSearchResultCell.m in Sources */,
				1B657A471BE4E9B900758205 /* NCVideoItemCell.m in Sources */,
				1B657A4D1BE534FA00758205 /* NCVideoPlayerViewController.m in Sources */,
				1B657A1C1BE453DF00758205 /* NCYoutubeDataManager.m in Sources */,
				1B657A531BE554BE00758205 /* NCSearchViewController.m in Sources */,
				1B657A1B1BE453B700758205 /* NCYoutubeDataManagerTests.m in Sources */,
				1B657A321BE4CCCF00758205 /* NCUtilManager.m in Sources */,
			);
			runOnlyForDeploymentPostprocessing = 0;
		};
		1B657A771BE605E700758205 /* Sources */ = {
			isa = PBXSourcesBuildPhase;
			buildActionMask = 2147483647;
			files = (
				1BA261AA1BE612D5004C3E35 /* NCSearchViewControlerTests.m in Sources */,
				1BA261AC1BE617F2004C3E35 /* NCVideoListViewControllerTests.m in Sources */,
				1B657A861BE6060600758205 /* NCMainViewControllerTests.m in Sources */,
			);
			runOnlyForDeploymentPostprocessing = 0;
		};
/* End PBXSourcesBuildPhase section */

/* Begin PBXTargetDependency section */
		1B022DBA1BE34771004979ED /* PBXTargetDependency */ = {
			isa = PBXTargetDependency;
			target = 1B022D9E1BE34771004979ED /* SocialSearcher */;
			targetProxy = 1B022DB91BE34771004979ED /* PBXContainerItemProxy */;
		};
		1B657A811BE605E800758205 /* PBXTargetDependency */ = {
			isa = PBXTargetDependency;
			target = 1B022D9E1BE34771004979ED /* SocialSearcher */;
			targetProxy = 1B657A801BE605E800758205 /* PBXContainerItemProxy */;
		};
/* End PBXTargetDependency section */

/* Begin PBXVariantGroup section */
		1B022DAB1BE34771004979ED /* Main.storyboard */ = {
			isa = PBXVariantGroup;
			children = (
				1B022DAC1BE34771004979ED /* Base */,
			);
			name = Main.storyboard;
			sourceTree = "<group>";
		};
		1B022DB01BE34771004979ED /* LaunchScreen.storyboard */ = {
			isa = PBXVariantGroup;
			children = (
				1B022DB11BE34771004979ED /* Base */,
			);
			name = LaunchScreen.storyboard;
			sourceTree = "<group>";
		};
/* End PBXVariantGroup section */

/* Begin XCBuildConfiguration section */
		1B022DCA1BE34771004979ED /* Debug */ = {
			isa = XCBuildConfiguration;
			buildSettings = {
				ALWAYS_SEARCH_USER_PATHS = NO;
				CLANG_CXX_LANGUAGE_STANDARD = "gnu++0x";
				CLANG_CXX_LIBRARY = "libc++";
				CLANG_ENABLE_MODULES = YES;
				CLANG_ENABLE_OBJC_ARC = YES;
				CLANG_WARN_BOOL_CONVERSION = YES;
				CLANG_WARN_CONSTANT_CONVERSION = YES;
				CLANG_WARN_DIRECT_OBJC_ISA_USAGE = YES_ERROR;
				CLANG_WARN_EMPTY_BODY = YES;
				CLANG_WARN_ENUM_CONVERSION = YES;
				CLANG_WARN_INT_CONVERSION = YES;
				CLANG_WARN_OBJC_ROOT_CLASS = YES_ERROR;
				CLANG_WARN_UNREACHABLE_CODE = YES;
				CLANG_WARN__DUPLICATE_METHOD_MATCH = YES;
				"CODE_SIGN_IDENTITY[sdk=iphoneos*]" = "iPhone Developer";
				COPY_PHASE_STRIP = NO;
				DEBUG_INFORMATION_FORMAT = dwarf;
				ENABLE_STRICT_OBJC_MSGSEND = YES;
				ENABLE_TESTABILITY = YES;
				GCC_C_LANGUAGE_STANDARD = gnu99;
				GCC_DYNAMIC_NO_PIC = NO;
				GCC_NO_COMMON_BLOCKS = YES;
				GCC_OPTIMIZATION_LEVEL = 0;
				GCC_PREPROCESSOR_DEFINITIONS = (
					"DEBUG=1",
					"$(inherited)",
				);
				GCC_WARN_64_TO_32_BIT_CONVERSION = YES;
				GCC_WARN_ABOUT_RETURN_TYPE = YES_ERROR;
				GCC_WARN_UNDECLARED_SELECTOR = YES;
				GCC_WARN_UNINITIALIZED_AUTOS = YES_AGGRESSIVE;
				GCC_WARN_UNUSED_FUNCTION = YES;
				GCC_WARN_UNUSED_VARIABLE = YES;
				IPHONEOS_DEPLOYMENT_TARGET = 9.1;
				MTL_ENABLE_DEBUG_INFO = YES;
				ONLY_ACTIVE_ARCH = YES;
				SDKROOT = iphoneos;
				TARGETED_DEVICE_FAMILY = "1,2";
			};
			name = Debug;
		};
		1B022DCB1BE34771004979ED /* Release */ = {
			isa = XCBuildConfiguration;
			buildSettings = {
				ALWAYS_SEARCH_USER_PATHS = NO;
				CLANG_CXX_LANGUAGE_STANDARD = "gnu++0x";
				CLANG_CXX_LIBRARY = "libc++";
				CLANG_ENABLE_MODULES = YES;
				CLANG_ENABLE_OBJC_ARC = YES;
				CLANG_WARN_BOOL_CONVERSION = YES;
				CLANG_WARN_CONSTANT_CONVERSION = YES;
				CLANG_WARN_DIRECT_OBJC_ISA_USAGE = YES_ERROR;
				CLANG_WARN_EMPTY_BODY = YES;
				CLANG_WARN_ENUM_CONVERSION = YES;
				CLANG_WARN_INT_CONVERSION = YES;
				CLANG_WARN_OBJC_ROOT_CLASS = YES_ERROR;
				CLANG_WARN_UNREACHABLE_CODE = YES;
				CLANG_WARN__DUPLICATE_METHOD_MATCH = YES;
				"CODE_SIGN_IDENTITY[sdk=iphoneos*]" = "iPhone Developer";
				COPY_PHASE_STRIP = NO;
				DEBUG_INFORMATION_FORMAT = "dwarf-with-dsym";
				ENABLE_NS_ASSERTIONS = NO;
				ENABLE_STRICT_OBJC_MSGSEND = YES;
				GCC_C_LANGUAGE_STANDARD = gnu99;
				GCC_NO_COMMON_BLOCKS = YES;
				GCC_WARN_64_TO_32_BIT_CONVERSION = YES;
				GCC_WARN_ABOUT_RETURN_TYPE = YES_ERROR;
				GCC_WARN_UNDECLARED_SELECTOR = YES;
				GCC_WARN_UNINITIALIZED_AUTOS = YES_AGGRESSIVE;
				GCC_WARN_UNUSED_FUNCTION = YES;
				GCC_WARN_UNUSED_VARIABLE = YES;
				IPHONEOS_DEPLOYMENT_TARGET = 9.1;
				MTL_ENABLE_DEBUG_INFO = NO;
				SDKROOT = iphoneos;
				TARGETED_DEVICE_FAMILY = "1,2";
				VALIDATE_PRODUCT = YES;
			};
			name = Release;
		};
		1B022DCD1BE34771004979ED /* Debug */ = {
			isa = XCBuildConfiguration;
			baseConfigurationReference = F4DF2070EA5A4B9EE9130B5E /* Pods-SocialSearcher.debug.xcconfig */;
			buildSettings = {
				ASSETCATALOG_COMPILER_APPICON_NAME = AppIcon;
				CODE_SIGN_IDENTITY = "iPhone Developer";
				"CODE_SIGN_IDENTITY[sdk=iphoneos*]" = "iPhone Developer";
				DEVELOPMENT_TEAM = PUF22HK4ND;
				GCC_PRECOMPILE_PREFIX_HEADER = NO;
				GCC_PREFIX_HEADER = "SocialSearcher/Application-Prefix.pch";
				HEADER_SEARCH_PATHS = "";
				INFOPLIST_FILE = SocialSearcher/Info.plist;
				IPHONEOS_DEPLOYMENT_TARGET = 9.0;
				LD_RUNPATH_SEARCH_PATHS = "$(inherited) @executable_path/Frameworks";
				ONLY_ACTIVE_ARCH = YES;
				PRODUCT_BUNDLE_IDENTIFIER = com.9folders.TestApp;
				PRODUCT_NAME = "$(TARGET_NAME)";
				PROVISIONING_PROFILE = "";
				PROVISIONING_PROFILE_SPECIFIER = "";
			};
			name = Debug;
		};
		1B022DCE1BE34771004979ED /* Release */ = {
			isa = XCBuildConfiguration;
			baseConfigurationReference = ADAC9C3E5C817E5F0AE26FD5 /* Pods-SocialSearcher.release.xcconfig */;
			buildSettings = {
				ASSETCATALOG_COMPILER_APPICON_NAME = AppIcon;
				CODE_SIGN_IDENTITY = "iPhone Developer";
				"CODE_SIGN_IDENTITY[sdk=iphoneos*]" = "iPhone Developer";
				DEVELOPMENT_TEAM = PUF22HK4ND;
				GCC_PRECOMPILE_PREFIX_HEADER = NO;
				GCC_PREFIX_HEADER = "SocialSearcher/Application-Prefix.pch";
				HEADER_SEARCH_PATHS = "";
				INFOPLIST_FILE = SocialSearcher/Info.plist;
				IPHONEOS_DEPLOYMENT_TARGET = 9.0;
				LD_RUNPATH_SEARCH_PATHS = "$(inherited) @executable_path/Frameworks";
				ONLY_ACTIVE_ARCH = YES;
				PRODUCT_BUNDLE_IDENTIFIER = com.9folders.TestApp;
				PRODUCT_NAME = "$(TARGET_NAME)";
				PROVISIONING_PROFILE = "";
				PROVISIONING_PROFILE_SPECIFIER = "";
			};
			name = Release;
		};
		1B022DD01BE34771004979ED /* Debug */ = {
			isa = XCBuildConfiguration;
			buildSettings = {
				BUNDLE_LOADER = "$(TEST_HOST)";
				GCC_PREFIX_HEADER = "SocialSearcher/Application-Prefix.pch";
				GCC_PREPROCESSOR_DEFINITIONS = (
					"$(inherited)",
					"COCOAPODS=1",
				);
				HEADER_SEARCH_PATHS = (
					"$(inherited)",
					"\"${PODS_ROOT}/Headers/Public\"",
					"\"${PODS_ROOT}/Headers/Public/AFNetworking\"",
					"\"${PODS_ROOT}/Headers/Public/NSTimeZone-CountryCode\"",
					"\"${PODS_ROOT}/Headers/Public/youtube-ios-player-helper\"",
				);
				INFOPLIST_FILE = SocialSearcherTests/Info.plist;
				LD_RUNPATH_SEARCH_PATHS = "$(inherited) @executable_path/Frameworks @loader_path/Frameworks";
				OTHER_CFLAGS = (
					"$(inherited)",
					"-isystem",
					"\"${PODS_ROOT}/Headers/Public\"",
					"-isystem",
					"\"${PODS_ROOT}/Headers/Public/AFNetworking\"",
					"-isystem",
					"\"${PODS_ROOT}/Headers/Public/NSTimeZone-CountryCode\"",
					"-isystem",
					"\"${PODS_ROOT}/Headers/Public/youtube-ios-player-helper\"",
				);
				PODS_ROOT = "${SRCROOT}/Pods";
				PRODUCT_BUNDLE_IDENTIFIER = com.ncjung.corp.SocialSearcher;
				PRODUCT_NAME = "$(TARGET_NAME)";
				TEST_HOST = "$(BUILT_PRODUCTS_DIR)/SocialSearcher.app/SocialSearcher";
			};
			name = Debug;
		};
		1B022DD11BE34771004979ED /* Release */ = {
			isa = XCBuildConfiguration;
			buildSettings = {
				BUNDLE_LOADER = "$(TEST_HOST)";
				GCC_PREFIX_HEADER = "SocialSearcher/Application-Prefix.pch";
				GCC_PREPROCESSOR_DEFINITIONS = "COCOAPODS=1";
				HEADER_SEARCH_PATHS = (
					"$(inherited)",
					"\"${PODS_ROOT}/Headers/Public\"",
					"\"${PODS_ROOT}/Headers/Public/AFNetworking\"",
					"\"${PODS_ROOT}/Headers/Public/NSTimeZone-CountryCode\"",
					"\"${PODS_ROOT}/Headers/Public/youtube-ios-player-helper\"",
				);
				INFOPLIST_FILE = SocialSearcherTests/Info.plist;
				LD_RUNPATH_SEARCH_PATHS = "$(inherited) @executable_path/Frameworks @loader_path/Frameworks";
				OTHER_CFLAGS = (
					"$(inherited)",
					"-isystem",
					"\"${PODS_ROOT}/Headers/Public\"",
					"-isystem",
					"\"${PODS_ROOT}/Headers/Public/AFNetworking\"",
					"-isystem",
					"\"${PODS_ROOT}/Headers/Public/NSTimeZone-CountryCode\"",
					"-isystem",
					"\"${PODS_ROOT}/Headers/Public/youtube-ios-player-helper\"",
				);
				PODS_ROOT = "${SRCROOT}/Pods";
				PRODUCT_BUNDLE_IDENTIFIER = com.ncjung.corp.SocialSearcher;
				PRODUCT_NAME = "$(TARGET_NAME)";
				TEST_HOST = "$(BUILT_PRODUCTS_DIR)/SocialSearcher.app/SocialSearcher";
			};
			name = Release;
		};
		1B657A831BE605E800758205 /* Debug */ = {
			isa = XCBuildConfiguration;
			buildSettings = {
				CODE_SIGN_IDENTITY = "iPhone Developer: NakCheon Jung (RT395PM8CR)";
				INFOPLIST_FILE = SocialSearcherUITests/Info.plist;
				LD_RUNPATH_SEARCH_PATHS = "$(inherited) @executable_path/Frameworks @loader_path/Frameworks";
				PRODUCT_BUNDLE_IDENTIFIER = com.ncjung.corp.SocialSearcher;
				PRODUCT_NAME = "$(TARGET_NAME)";
				PROVISIONING_PROFILE = "59dc5489-9bd1-4cf8-8a43-6b23009edaf6";
				TEST_TARGET_NAME = SocialSearcher;
				USES_XCTRUNNER = YES;
			};
			name = Debug;
		};
		1B657A841BE605E800758205 /* Release */ = {
			isa = XCBuildConfiguration;
			buildSettings = {
				CODE_SIGN_IDENTITY = "iPhone Developer: NakCheon Jung (RT395PM8CR)";
				INFOPLIST_FILE = SocialSearcherUITests/Info.plist;
				LD_RUNPATH_SEARCH_PATHS = "$(inherited) @executable_path/Frameworks @loader_path/Frameworks";
				PRODUCT_BUNDLE_IDENTIFIER = com.ncjung.corp.SocialSearcher;
				PRODUCT_NAME = "$(TARGET_NAME)";
				PROVISIONING_PROFILE = "59dc5489-9bd1-4cf8-8a43-6b23009edaf6";
				TEST_TARGET_NAME = SocialSearcher;
				USES_XCTRUNNER = YES;
			};
			name = Release;
		};
/* End XCBuildConfiguration section */

/* Begin XCConfigurationList section */
		1B022D9A1BE34771004979ED /* Build configuration list for PBXProject "SocialSearcher" */ = {
			isa = XCConfigurationList;
			buildConfigurations = (
				1B022DCA1BE34771004979ED /* Debug */,
				1B022DCB1BE34771004979ED /* Release */,
			);
			defaultConfigurationIsVisible = 0;
			defaultConfigurationName = Release;
		};
		1B022DCC1BE34771004979ED /* Build configuration list for PBXNativeTarget "SocialSearcher" */ = {
			isa = XCConfigurationList;
			buildConfigurations = (
				1B022DCD1BE34771004979ED /* Debug */,
				1B022DCE1BE34771004979ED /* Release */,
			);
			defaultConfigurationIsVisible = 0;
			defaultConfigurationName = Release;
		};
		1B022DCF1BE34771004979ED /* Build configuration list for PBXNativeTarget "SocialSearcherTests" */ = {
			isa = XCConfigurationList;
			buildConfigurations = (
				1B022DD01BE34771004979ED /* Debug */,
				1B022DD11BE34771004979ED /* Release */,
			);
			defaultConfigurationIsVisible = 0;
			defaultConfigurationName = Release;
		};
		1B657A821BE605E800758205 /* Build configuration list for PBXNativeTarget "SocialSearcherUITests" */ = {
			isa = XCConfigurationList;
			buildConfigurations = (
				1B657A831BE605E800758205 /* Debug */,
				1B657A841BE605E800758205 /* Release */,
			);
			defaultConfigurationIsVisible = 0;
			defaultConfigurationName = Release;
		};
/* End XCConfigurationList section */
	};
	rootObject = 1B022D971BE34771004979ED /* Project object */;
}
